
Microsoft Visual Studio Solution File, Format Version 12.00
# Visual Studio 15
Project("{FAE04EC0-301F-11D3-BF4B-00C04F79EFBC}") = "XFArchitecture.Droid", "XFArchitecture.Android\XFArchitecture.Droid.csproj", "{34FBC38B-DA36-4DAA-A18C-2DD7F6CC4F49}"
EndProject
Project("{FAE04EC0-301F-11D3-BF4B-00C04F79EFBC}") = "XFArchitecture.iOS", "XFArchitecture.iOS\XFArchitecture.iOS.csproj", "{B34FF348-22CD-44D7-893C-2B796E0C4EC5}"
EndProject
Project("{FAE04EC0-301F-11D3-BF4B-00C04F79EFBC}") = "XFArchitecture", "XFArchitecture\XFArchitecture.csproj", "{5CEFAE47-4025-451C-A311-C21B18CDF84E}"
EndProject
Project("{FAE04EC0-301F-11D3-BF4B-00C04F79EFBC}") = "XFArchitecture.Core", "XFArchitecture.Core\XFArchitecture.Core.csproj", "{040FD19A-94ED-4F07-B920-5B4FC200BB9B}"
EndProject
Global
	GlobalSection(SolutionConfigurationPlatforms) = preSolution
		Debug|Any CPU = Debug|Any CPU
		Release|Any CPU = Release|Any CPU
		Debug|iPhoneSimulator = Debug|iPhoneSimulator
		Release|iPhoneSimulator = Release|iPhoneSimulator
		Debug|iPhone = Debug|iPhone
		Release|iPhone = Release|iPhone
		Ad-Hoc|iPhone = Ad-Hoc|iPhone
		AppStore|iPhone = AppStore|iPhone
	EndGlobalSection
	GlobalSection(ProjectConfigurationPlatforms) = postSolution
		{34FBC38B-DA36-4DAA-A18C-2DD7F6CC4F49}.Debug|Any CPU.ActiveCfg = Debug|Any CPU
		{34FBC38B-DA36-4DAA-A18C-2DD7F6CC4F49}.Debug|Any CPU.Build.0 = Debug|Any CPU
		{34FBC38B-DA36-4DAA-A18C-2DD7F6CC4F49}.Release|Any CPU.ActiveCfg = Release|Any CPU
		{34FBC38B-DA36-4DAA-A18C-2DD7F6CC4F49}.Release|Any CPU.Build.0 = Release|Any CPU
		{34FBC38B-DA36-4DAA-A18C-2DD7F6CC4F49}.Debug|iPhoneSimulator.ActiveCfg = Debug|Any CPU
		{34FBC38B-DA36-4DAA-A18C-2DD7F6CC4F49}.Debug|iPhoneSimulator.Build.0 = Debug|Any CPU
		{34FBC38B-DA36-4DAA-A18C-2DD7F6CC4F49}.Release|iPhoneSimulator.ActiveCfg = Release|Any CPU
		{34FBC38B-DA36-4DAA-A18C-2DD7F6CC4F49}.Release|iPhoneSimulator.Build.0 = Release|Any CPU
		{34FBC38B-DA36-4DAA-A18C-2DD7F6CC4F49}.Debug|iPhone.ActiveCfg = Debug|Any CPU
		{34FBC38B-DA36-4DAA-A18C-2DD7F6CC4F49}.Debug|iPhone.Build.0 = Debug|Any CPU
		{34FBC38B-DA36-4DAA-A18C-2DD7F6CC4F49}.Release|iPhone.ActiveCfg = Release|Any CPU
		{34FBC38B-DA36-4DAA-A18C-2DD7F6CC4F49}.Release|iPhone.Build.0 = Release|Any CPU
		{34FBC38B-DA36-4DAA-A18C-2DD7F6CC4F49}.Ad-Hoc|iPhone.ActiveCfg = Debug|Any CPU
		{34FBC38B-DA36-4DAA-A18C-2DD7F6CC4F49}.Ad-Hoc|iPhone.Build.0 = Debug|Any CPU
		{34FBC38B-DA36-4DAA-A18C-2DD7F6CC4F49}.AppStore|iPhone.ActiveCfg = Debug|Any CPU
		{34FBC38B-DA36-4DAA-A18C-2DD7F6CC4F49}.AppStore|iPhone.Build.0 = Debug|Any CPU
		{B34FF348-22CD-44D7-893C-2B796E0C4EC5}.Debug|Any CPU.ActiveCfg = Debug|iPhoneSimulator
		{B34FF348-22CD-44D7-893C-2B796E0C4EC5}.Debug|Any CPU.Build.0 = Debug|iPhoneSimulator
		{B34FF348-22CD-44D7-893C-2B796E0C4EC5}.Release|Any CPU.ActiveCfg = Release|iPhoneSimulator
		{B34FF348-22CD-44D7-893C-2B796E0C4EC5}.Release|Any CPU.Build.0 = Release|iPhoneSimulator
		{B34FF348-22CD-44D7-893C-2B796E0C4EC5}.Debug|iPhoneSimulator.ActiveCfg = Debug|iPhoneSimulator
		{B34FF348-22CD-44D7-893C-2B796E0C4EC5}.Debug|iPhoneSimulator.Build.0 = Debug|iPhoneSimulator
		{B34FF348-22CD-44D7-893C-2B796E0C4EC5}.Release|iPhoneSimulator.ActiveCfg = Release|iPhoneSimulator
		{B34FF348-22CD-44D7-893C-2B796E0C4EC5}.Release|iPhoneSimulator.Build.0 = Release|iPhoneSimulator
		{B34FF348-22CD-44D7-893C-2B796E0C4EC5}.Debug|iPhone.ActiveCfg = Debug|iPhone
		{B34FF348-22CD-44D7-893C-2B796E0C4EC5}.Debug|iPhone.Build.0 = Debug|iPhone
		{B34FF348-22CD-44D7-893C-2B796E0C4EC5}.Release|iPhone.ActiveCfg = Release|iPhone
		{B34FF348-22CD-44D7-893C-2B796E0C4EC5}.Release|iPhone.Build.0 = Release|iPhone
		{B34FF348-22CD-44D7-893C-2B796E0C4EC5}.Ad-Hoc|iPhone.ActiveCfg = Ad-Hoc|iPhone
		{B34FF348-22CD-44D7-893C-2B796E0C4EC5}.Ad-Hoc|iPhone.Build.0 = Ad-Hoc|iPhone
		{B34FF348-22CD-44D7-893C-2B796E0C4EC5}.AppStore|iPhone.ActiveCfg = AppStore|iPhone
		{B34FF348-22CD-44D7-893C-2B796E0C4EC5}.AppStore|iPhone.Build.0 = AppStore|iPhone
		{5CEFAE47-4025-451C-A311-C21B18CDF84E}.Debug|Any CPU.ActiveCfg = Debug|Any CPU
		{5CEFAE47-4025-451C-A311-C21B18CDF84E}.Debug|Any CPU.Build.0 = Debug|Any CPU
		{5CEFAE47-4025-451C-A311-C21B18CDF84E}.Release|Any CPU.ActiveCfg = Release|Any CPU
		{5CEFAE47-4025-451C-A311-C21B18CDF84E}.Release|Any CPU.Build.0 = Release|Any CPU
		{5CEFAE47-4025-451C-A311-C21B18CDF84E}.Debug|iPhoneSimulator.ActiveCfg = Debug|Any CPU
		{5CEFAE47-4025-451C-A311-C21B18CDF84E}.Debug|iPhoneSimulator.Build.0 = Debug|Any CPU
		{5CEFAE47-4025-451C-A311-C21B18CDF84E}.Release|iPhoneSimulator.ActiveCfg = Release|Any CPU
		{5CEFAE47-4025-451C-A311-C21B18CDF84E}.Release|iPhoneSimulator.Build.0 = Release|Any CPU
		{5CEFAE47-4025-451C-A311-C21B18CDF84E}.Debug|iPhone.ActiveCfg = Debug|Any CPU
		{5CEFAE47-4025-451C-A311-C21B18CDF84E}.Debug|iPhone.Build.0 = Debug|Any CPU
		{5CEFAE47-4025-451C-A311-C21B18CDF84E}.Release|iPhone.ActiveCfg = Release|Any CPU
		{5CEFAE47-4025-451C-A311-C21B18CDF84E}.Release|iPhone.Build.0 = Release|Any CPU
		{5CEFAE47-4025-451C-A311-C21B18CDF84E}.Ad-Hoc|iPhone.ActiveCfg = Debug|Any CPU
		{5CEFAE47-4025-451C-A311-C21B18CDF84E}.Ad-Hoc|iPhone.Build.0 = Debug|Any CPU
		{5CEFAE47-4025-451C-A311-C21B18CDF84E}.AppStore|iPhone.ActiveCfg = Debug|Any CPU
		{5CEFAE47-4025-451C-A311-C21B18CDF84E}.AppStore|iPhone.Build.0 = Debug|Any CPU
		{040FD19A-94ED-4F07-B920-5B4FC200BB9B}.Debug|Any CPU.ActiveCfg = Debug|Any CPU
		{040FD19A-94ED-4F07-B920-5B4FC200BB9B}.Debug|Any CPU.Build.0 = Debug|Any CPU
		{040FD19A-94ED-4F07-B920-5B4FC200BB9B}.Release|Any CPU.ActiveCfg = Release|Any CPU
		{040FD19A-94ED-4F07-B920-5B4FC200BB9B}.Release|Any CPU.Build.0 = Release|Any CPU
		{040FD19A-94ED-4F07-B920-5B4FC200BB9B}.Debug|iPhoneSimulator.ActiveCfg = Debug|Any CPU
		{040FD19A-94ED-4F07-B920-5B4FC200BB9B}.Debug|iPhoneSimulator.Build.0 = Debug|Any CPU
		{040FD19A-94ED-4F07-B920-5B4FC200BB9B}.Release|iPhoneSimulator.ActiveCfg = Release|Any CPU
		{040FD19A-94ED-4F07-B920-5B4FC200BB9B}.Release|iPhoneSimulator.Build.0 = Release|Any CPU
		{040FD19A-94ED-4F07-B920-5B4FC200BB9B}.Debug|iPhone.ActiveCfg = Debug|Any CPU
		{040FD19A-94ED-4F07-B920-5B4FC200BB9B}.Debug|iPhone.Build.0 = Debug|Any CPU
		{040FD19A-94ED-4F07-B920-5B4FC200BB9B}.Release|iPhone.ActiveCfg = Release|Any CPU
		{040FD19A-94ED-4F07-B920-5B4FC200BB9B}.Release|iPhone.Build.0 = Release|Any CPU
		{040FD19A-94ED-4F07-B920-5B4FC200BB9B}.Ad-Hoc|iPhone.ActiveCfg = Debug|Any CPU
		{040FD19A-94ED-4F07-B920-5B4FC200BB9B}.Ad-Hoc|iPhone.Build.0 = Debug|Any CPU
		{040FD19A-94ED-4F07-B920-5B4FC200BB9B}.AppStore|iPhone.ActiveCfg = Debug|Any CPU
		{040FD19A-94ED-4F07-B920-5B4FC200BB9B}.AppStore|iPhone.Build.0 = Debug|Any CPU
	EndGlobalSection
EndGlobal
