Microsoft Visual Studio Solution File, Format Version 12.00
# Visual Studio 15
VisualStudioVersion = 15.0.28307.136
MinimumVisualStudioVersion = 10.0.40219.1
Project("{FAE04EC0-301F-11D3-BF4B-00C04F79EFBC}") = "XFArchitecture.Droid", "XFArchitecture.Android\XFArchitecture.Droid.csproj", "{34FBC38B-DA36-4DAA-A18C-2DD7F6CC4F49}"
EndProject
Project("{FAE04EC0-301F-11D3-BF4B-00C04F79EFBC}") = "XFArchitecture.iOS", "XFArchitecture.iOS\XFArchitecture.iOS.csproj", "{B34FF348-22CD-44D7-893C-2B796E0C4EC5}"
EndProject
Project("{9A19103F-16F7-4668-BE54-9A1E7A4F7556}") = "XFArchitecture", "XFArchitecture\XFArchitecture.csproj", "{5CEFAE47-4025-451C-A311-C21B18CDF84E}"
EndProject
Project("{9A19103F-16F7-4668-BE54-9A1E7A4F7556}") = "XFArchitecture.Core", "XFArchitecture.Core\XFArchitecture.Core.csproj", "{040FD19A-94ED-4F07-B920-5B4FC200BB9B}"
EndProject
Global
	GlobalSection(SolutionConfigurationPlatforms) = preSolution
		Ad-Hoc|Any CPU = Ad-Hoc|Any CPU
		Ad-Hoc|iPhone = Ad-Hoc|iPhone
		Ad-Hoc|iPhoneSimulator = Ad-Hoc|iPhoneSimulator
		AppStore|Any CPU = AppStore|Any CPU
		AppStore|iPhone = AppStore|iPhone
		AppStore|iPhoneSimulator = AppStore|iPhoneSimulator
		Debug|Any CPU = Debug|Any CPU
		Debug|iPhone = Debug|iPhone
		Debug|iPhoneSimulator = Debug|iPhoneSimulator
		Release|Any CPU = Release|Any CPU
		Release|iPhone = Release|iPhone
		Release|iPhoneSimulator = Release|iPhoneSimulator
	EndGlobalSection
	GlobalSection(ProjectConfigurationPlatforms) = postSolution
		{34FBC38B-DA36-4DAA-A18C-2DD7F6CC4F49}.Ad-Hoc|Any CPU.ActiveCfg = Release|Any CPU
		{34FBC38B-DA36-4DAA-A18C-2DD7F6CC4F49}.Ad-Hoc|Any CPU.Build.0 = Release|Any CPU
		{34FBC38B-DA36-4DAA-A18C-2DD7F6CC4F49}.Ad-Hoc|Any CPU.Deploy.0 = Release|Any CPU
		{34FBC38B-DA36-4DAA-A18C-2DD7F6CC4F49}.Ad-Hoc|iPhone.ActiveCfg = Debug|Any CPU
		{34FBC38B-DA36-4DAA-A18C-2DD7F6CC4F49}.Ad-Hoc|iPhone.Build.0 = Debug|Any CPU
		{34FBC38B-DA36-4DAA-A18C-2DD7F6CC4F49}.Ad-Hoc|iPhoneSimulator.ActiveCfg = Release|Any CPU
		{34FBC38B-DA36-4DAA-A18C-2DD7F6CC4F49}.Ad-Hoc|iPhoneSimulator.Build.0 = Release|Any CPU
		{34FBC38B-DA36-4DAA-A18C-2DD7F6CC4F49}.Ad-Hoc|iPhoneSimulator.Deploy.0 = Release|Any CPU
		{34FBC38B-DA36-4DAA-A18C-2DD7F6CC4F49}.AppStore|Any CPU.ActiveCfg = Release|Any CPU
		{34FBC38B-DA36-4DAA-A18C-2DD7F6CC4F49}.AppStore|Any CPU.Build.0 = Release|Any CPU
		{34FBC38B-DA36-4DAA-A18C-2DD7F6CC4F49}.AppStore|Any CPU.Deploy.0 = Release|Any CPU
		{34FBC38B-DA36-4DAA-A18C-2DD7F6CC4F49}.AppStore|iPhone.ActiveCfg = Debug|Any CPU
		{34FBC38B-DA36-4DAA-A18C-2DD7F6CC4F49}.AppStore|iPhone.Build.0 = Debug|Any CPU
		{34FBC38B-DA36-4DAA-A18C-2DD7F6CC4F49}.AppStore|iPhoneSimulator.ActiveCfg = Release|Any CPU
		{34FBC38B-DA36-4DAA-A18C-2DD7F6CC4F49}.AppStore|iPhoneSimulator.Build.0 = Release|Any CPU
		{34FBC38B-DA36-4DAA-A18C-2DD7F6CC4F49}.AppStore|iPhoneSimulator.Deploy.0 = Release|Any CPU
		{34FBC38B-DA36-4DAA-A18C-2DD7F6CC4F49}.Debug|Any CPU.ActiveCfg = Debug|Any CPU
		{34FBC38B-DA36-4DAA-A18C-2DD7F6CC4F49}.Debug|Any CPU.Build.0 = Debug|Any CPU
		{34FBC38B-DA36-4DAA-A18C-2DD7F6CC4F49}.Debug|Any CPU.Deploy.0 = Debug|Any CPU
		{34FBC38B-DA36-4DAA-A18C-2DD7F6CC4F49}.Debug|iPhone.ActiveCfg = Debug|Any CPU
		{34FBC38B-DA36-4DAA-A18C-2DD7F6CC4F49}.Debug|iPhone.Build.0 = Debug|Any CPU
		{34FBC38B-DA36-4DAA-A18C-2DD7F6CC4F49}.Debug|iPhoneSimulator.ActiveCfg = Debug|Any CPU
		{34FBC38B-DA36-4DAA-A18C-2DD7F6CC4F49}.Debug|iPhoneSimulator.Build.0 = Debug|Any CPU
		{34FBC38B-DA36-4DAA-A18C-2DD7F6CC4F49}.Release|Any CPU.ActiveCfg = Release|Any CPU
		{34FBC38B-DA36-4DAA-A18C-2DD7F6CC4F49}.Release|Any CPU.Build.0 = Release|Any CPU
		{34FBC38B-DA36-4DAA-A18C-2DD7F6CC4F49}.Release|iPhone.ActiveCfg = Release|Any CPU
		{34FBC38B-DA36-4DAA-A18C-2DD7F6CC4F49}.Release|iPhone.Build.0 = Release|Any CPU
		{34FBC38B-DA36-4DAA-A18C-2DD7F6CC4F49}.Release|iPhoneSimulator.ActiveCfg = Release|Any CPU
		{34FBC38B-DA36-4DAA-A18C-2DD7F6CC4F49}.Release|iPhoneSimulator.Build.0 = Release|Any CPU
		{B34FF348-22CD-44D7-893C-2B796E0C4EC5}.Ad-Hoc|Any CPU.ActiveCfg = Ad-Hoc|iPhoneSimulator
		{B34FF348-22CD-44D7-893C-2B796E0C4EC5}.Ad-Hoc|iPhone.ActiveCfg = Ad-Hoc|iPhone
		{B34FF348-22CD-44D7-893C-2B796E0C4EC5}.Ad-Hoc|iPhone.Build.0 = Ad-Hoc|iPhone
		{B34FF348-22CD-44D7-893C-2B796E0C4EC5}.Ad-Hoc|iPhoneSimulator.ActiveCfg = Ad-Hoc|iPhoneSimulator
		{B34FF348-22CD-44D7-893C-2B796E0C4EC5}.Ad-Hoc|iPhoneSimulator.Build.0 = Ad-Hoc|iPhoneSimulator
		{B34FF348-22CD-44D7-893C-2B796E0C4EC5}.AppStore|Any CPU.ActiveCfg = AppStore|iPhoneSimulator
		{B34FF348-22CD-44D7-893C-2B796E0C4EC5}.AppStore|iPhone.ActiveCfg = AppStore|iPhone
		{B34FF348-22CD-44D7-893C-2B796E0C4EC5}.AppStore|iPhone.Build.0 = AppStore|iPhone
		{B34FF348-22CD-44D7-893C-2B796E0C4EC5}.AppStore|iPhoneSimulator.ActiveCfg = AppStore|iPhoneSimulator
		{B34FF348-22CD-44D7-893C-2B796E0C4EC5}.AppStore|iPhoneSimulator.Build.0 = AppStore|iPhoneSimulator
		{B34FF348-22CD-44D7-893C-2B796E0C4EC5}.Debug|Any CPU.ActiveCfg = Debug|iPhoneSimulator
		{B34FF348-22CD-44D7-893C-2B796E0C4EC5}.Debug|Any CPU.Build.0 = Debug|iPhoneSimulator
		{B34FF348-22CD-44D7-893C-2B796E0C4EC5}.Debug|iPhone.ActiveCfg = Debug|iPhone
		{B34FF348-22CD-44D7-893C-2B796E0C4EC5}.Debug|iPhone.Build.0 = Debug|iPhone
		{B34FF348-22CD-44D7-893C-2B796E0C4EC5}.Debug|iPhoneSimulator.ActiveCfg = Debug|iPhoneSimulator
		{B34FF348-22CD-44D7-893C-2B796E0C4EC5}.Debug|iPhoneSimulator.Build.0 = Debug|iPhoneSimulator
		{B34FF348-22CD-44D7-893C-2B796E0C4EC5}.Release|Any CPU.ActiveCfg = Release|iPhoneSimulator
		{B34FF348-22CD-44D7-893C-2B796E0C4EC5}.Release|Any CPU.Build.0 = Release|iPhoneSimulator
		{B34FF348-22CD-44D7-893C-2B796E0C4EC5}.Release|iPhone.ActiveCfg = Release|iPhone
		{B34FF348-22CD-44D7-893C-2B796E0C4EC5}.Release|iPhone.Build.0 = Release|iPhone
		{B34FF348-22CD-44D7-893C-2B796E0C4EC5}.Release|iPhoneSimulator.ActiveCfg = Release|iPhoneSimulator
		{B34FF348-22CD-44D7-893C-2B796E0C4EC5}.Release|iPhoneSimulator.Build.0 = Release|iPhoneSimulator
		{5CEFAE47-4025-451C-A311-C21B18CDF84E}.Ad-Hoc|Any CPU.ActiveCfg = Release|Any CPU
		{5CEFAE47-4025-451C-A311-C21B18CDF84E}.Ad-Hoc|Any CPU.Build.0 = Release|Any CPU
		{5CEFAE47-4025-451C-A311-C21B18CDF84E}.Ad-Hoc|iPhone.ActiveCfg = Debug|Any CPU
		{5CEFAE47-4025-451C-A311-C21B18CDF84E}.Ad-Hoc|iPhone.Build.0 = Debug|Any CPU
		{5CEFAE47-4025-451C-A311-C21B18CDF84E}.Ad-Hoc|iPhoneSimulator.ActiveCfg = Release|Any CPU
		{5CEFAE47-4025-451C-A311-C21B18CDF84E}.Ad-Hoc|iPhoneSimulator.Build.0 = Release|Any CPU
		{5CEFAE47-4025-451C-A311-C21B18CDF84E}.AppStore|Any CPU.ActiveCfg = Release|Any CPU
		{5CEFAE47-4025-451C-A311-C21B18CDF84E}.AppStore|Any CPU.Build.0 = Release|Any CPU
		{5CEFAE47-4025-451C-A311-C21B18CDF84E}.AppStore|iPhone.ActiveCfg = Debug|Any CPU
		{5CEFAE47-4025-451C-A311-C21B18CDF84E}.AppStore|iPhone.Build.0 = Debug|Any CPU
		{5CEFAE47-4025-451C-A311-C21B18CDF84E}.AppStore|iPhoneSimulator.ActiveCfg = Release|Any CPU
		{5CEFAE47-4025-451C-A311-C21B18CDF84E}.AppStore|iPhoneSimulator.Build.0 = Release|Any CPU
		{5CEFAE47-4025-451C-A311-C21B18CDF84E}.Debug|Any CPU.ActiveCfg = Debug|Any CPU
		{5CEFAE47-4025-451C-A311-C21B18CDF84E}.Debug|Any CPU.Build.0 = Debug|Any CPU
		{5CEFAE47-4025-451C-A311-C21B18CDF84E}.Debug|iPhone.ActiveCfg = Debug|Any CPU
		{5CEFAE47-4025-451C-A311-C21B18CDF84E}.Debug|iPhone.Build.0 = Debug|Any CPU
		{5CEFAE47-4025-451C-A311-C21B18CDF84E}.Debug|iPhoneSimulator.ActiveCfg = Debug|Any CPU
		{5CEFAE47-4025-451C-A311-C21B18CDF84E}.Debug|iPhoneSimulator.Build.0 = Debug|Any CPU
		{5CEFAE47-4025-451C-A311-C21B18CDF84E}.Release|Any CPU.ActiveCfg = Release|Any CPU
		{5CEFAE47-4025-451C-A311-C21B18CDF84E}.Release|Any CPU.Build.0 = Release|Any CPU
		{5CEFAE47-4025-451C-A311-C21B18CDF84E}.Release|iPhone.ActiveCfg = Release|Any CPU
		{5CEFAE47-4025-451C-A311-C21B18CDF84E}.Release|iPhone.Build.0 = Release|Any CPU
		{5CEFAE47-4025-451C-A311-C21B18CDF84E}.Release|iPhoneSimulator.ActiveCfg = Release|Any CPU
		{5CEFAE47-4025-451C-A311-C21B18CDF84E}.Release|iPhoneSimulator.Build.0 = Release|Any CPU
		{040FD19A-94ED-4F07-B920-5B4FC200BB9B}.Ad-Hoc|Any CPU.ActiveCfg = Release|Any CPU
		{040FD19A-94ED-4F07-B920-5B4FC200BB9B}.Ad-Hoc|Any CPU.Build.0 = Release|Any CPU
		{040FD19A-94ED-4F07-B920-5B4FC200BB9B}.Ad-Hoc|iPhone.ActiveCfg = Debug|Any CPU
		{040FD19A-94ED-4F07-B920-5B4FC200BB9B}.Ad-Hoc|iPhone.Build.0 = Debug|Any CPU
		{040FD19A-94ED-4F07-B920-5B4FC200BB9B}.Ad-Hoc|iPhoneSimulator.ActiveCfg = Release|Any CPU
		{040FD19A-94ED-4F07-B920-5B4FC200BB9B}.Ad-Hoc|iPhoneSimulator.Build.0 = Release|Any CPU
		{040FD19A-94ED-4F07-B920-5B4FC200BB9B}.AppStore|Any CPU.ActiveCfg = Release|Any CPU
		{040FD19A-94ED-4F07-B920-5B4FC200BB9B}.AppStore|Any CPU.Build.0 = Release|Any CPU
		{040FD19A-94ED-4F07-B920-5B4FC200BB9B}.AppStore|iPhone.ActiveCfg = Debug|Any CPU
		{040FD19A-94ED-4F07-B920-5B4FC200BB9B}.AppStore|iPhone.Build.0 = Debug|Any CPU
		{040FD19A-94ED-4F07-B920-5B4FC200BB9B}.AppStore|iPhoneSimulator.ActiveCfg = Release|Any CPU
		{040FD19A-94ED-4F07-B920-5B4FC200BB9B}.AppStore|iPhoneSimulator.Build.0 = Release|Any CPU
		{040FD19A-94ED-4F07-B920-5B4FC200BB9B}.Debug|Any CPU.ActiveCfg = Debug|Any CPU
		{040FD19A-94ED-4F07-B920-5B4FC200BB9B}.Debug|Any CPU.Build.0 = Debug|Any CPU
		{040FD19A-94ED-4F07-B920-5B4FC200BB9B}.Debug|iPhone.ActiveCfg = Debug|Any CPU
		{040FD19A-94ED-4F07-B920-5B4FC200BB9B}.Debug|iPhone.Build.0 = Debug|Any CPU
		{040FD19A-94ED-4F07-B920-5B4FC200BB9B}.Debug|iPhoneSimulator.ActiveCfg = Debug|Any CPU
		{040FD19A-94ED-4F07-B920-5B4FC200BB9B}.Debug|iPhoneSimulator.Build.0 = Debug|Any CPU
		{040FD19A-94ED-4F07-B920-5B4FC200BB9B}.Release|Any CPU.ActiveCfg = Release|Any CPU
		{040FD19A-94ED-4F07-B920-5B4FC200BB9B}.Release|Any CPU.Build.0 = Release|Any CPU
		{040FD19A-94ED-4F07-B920-5B4FC200BB9B}.Release|iPhone.ActiveCfg = Release|Any CPU
		{040FD19A-94ED-4F07-B920-5B4FC200BB9B}.Release|iPhone.Build.0 = Release|Any CPU
		{040FD19A-94ED-4F07-B920-5B4FC200BB9B}.Release|iPhoneSimulator.ActiveCfg = Release|Any CPU
		{040FD19A-94ED-4F07-B920-5B4FC200BB9B}.Release|iPhoneSimulator.Build.0 = Release|Any CPU
	EndGlobalSection
	GlobalSection(SolutionProperties) = preSolution
		HideSolutionNode = FALSE
	EndGlobalSection
	GlobalSection(ExtensibilityGlobals) = postSolution
		SolutionGuid = {D8E71027-4B61-4E51-AF8C-A57004078F0A}
	EndGlobalSection
EndGlobal
